
Microsoft Visual Studio Solution File, Format Version 12.00
# Visual Studio Version 17
VisualStudioVersion = 17.6.33829.357
MinimumVisualStudioVersion = 10.0.40219.1
Project("{8BC9CEB8-8B4A-11D0-8D11-00A0C91BC942}") = "Task 1.1", "homework.vcxproj", "{81B0D924-6FC4-4D88-81F4-0B9750742749}"
EndProject
Project("{8BC9CEB8-8B4A-11D0-8D11-00A0C91BC942}") = "Task 9.1", "Task 9\Task 9.vcxproj", "{C33EF011-1B26-417C-BBD2-398C8FA0B4CA}"
EndProject
Project("{8BC9CEB8-8B4A-11D0-8D11-00A0C91BC942}") = "Task 2", "Task 2\Task 2.vcxproj", "{0BD8CD7F-4CCC-4105-9E36-D7C117E8E03D}"
EndProject
Project("{8BC9CEB8-8B4A-11D0-8D11-00A0C91BC942}") = "Task 8", "Task 8\Task 8.vcxproj", "{01E91356-5515-4950-A0BC-06F797113A19}"
EndProject
Project("{8BC9CEB8-8B4A-11D0-8D11-00A0C91BC942}") = "Task 1.2", "Task 1.2\Task 1.2.vcxproj", "{46071712-4A8B-42C8-BA20-754FED1336C7}"
EndProject
Project("{8BC9CEB8-8B4A-11D0-8D11-00A0C91BC942}") = "Task 3", "Task 3\Task 3.vcxproj", "{81FCF975-642E-4AA8-ADB8-9BB42214B943}"
EndProject
Project("{8BC9CEB8-8B4A-11D0-8D11-00A0C91BC942}") = "Task 4", "Task 4\Task 4.vcxproj", "{54982F1D-FC7B-4D22-A6DB-33EFA9D6EFEA}"
EndProject
Project("{8BC9CEB8-8B4A-11D0-8D11-00A0C91BC942}") = "Task 9.2", "Task 9.2\Task 9.2.vcxproj", "{B5394D71-FA09-4CAF-8626-D79207D1D8E9}"
EndProject
Project("{8BC9CEB8-8B4A-11D0-8D11-00A0C91BC942}") = "Task 10.1", "Task 10\Task 10.vcxproj", "{C0A34882-1258-4E0C-A612-FFA431D5EB4E}"
EndProject
Project("{8BC9CEB8-8B4A-11D0-8D11-00A0C91BC942}") = "Task 10.2", "Task 10.2\Task 10.2.vcxproj", "{76839FA8-49C9-43AD-B80F-4C588AA403D1}"
EndProject
Project("{8BC9CEB8-8B4A-11D0-8D11-00A0C91BC942}") = "Task 5", "Task 5\Task 5.vcxproj", "{E5CDC371-BECC-46D8-9996-1DAD9837833E}"
EndProject
Project("{8BC9CEB8-8B4A-11D0-8D11-00A0C91BC942}") = "Task 6", "Task 6\Task 6.vcxproj", "{C631690C-CEC6-4385-8369-3D0BD28A878A}"
EndProject
Project("{8BC9CEB8-8B4A-11D0-8D11-00A0C91BC942}") = "Task 7", "Task 7\Task 7.vcxproj", "{A86629CF-E3CE-4155-AE50-8B4BB19A2701}"
EndProject
Project("{8BC9CEB8-8B4A-11D0-8D11-00A0C91BC942}") = "Task 4.2", "Task 4.2\Task 4.2.vcxproj", "{554F6CB8-16B5-4EF9-A0D1-4462F845DBDA}"
EndProject
Global
	GlobalSection(SolutionConfigurationPlatforms) = preSolution
		Debug|x64 = Debug|x64
		Debug|x86 = Debug|x86
		Release|x64 = Release|x64
		Release|x86 = Release|x86
	EndGlobalSection
	GlobalSection(ProjectConfigurationPlatforms) = postSolution
		{81B0D924-6FC4-4D88-81F4-0B9750742749}.Debug|x64.ActiveCfg = Debug|x64
		{81B0D924-6FC4-4D88-81F4-0B9750742749}.Debug|x64.Build.0 = Debug|x64
		{81B0D924-6FC4-4D88-81F4-0B9750742749}.Debug|x86.ActiveCfg = Debug|Win32
		{81B0D924-6FC4-4D88-81F4-0B9750742749}.Debug|x86.Build.0 = Debug|Win32
		{81B0D924-6FC4-4D88-81F4-0B9750742749}.Release|x64.ActiveCfg = Release|x64
		{81B0D924-6FC4-4D88-81F4-0B9750742749}.Release|x64.Build.0 = Release|x64
		{81B0D924-6FC4-4D88-81F4-0B9750742749}.Release|x86.ActiveCfg = Release|Win32
		{81B0D924-6FC4-4D88-81F4-0B9750742749}.Release|x86.Build.0 = Release|Win32
		{C33EF011-1B26-417C-BBD2-398C8FA0B4CA}.Debug|x64.ActiveCfg = Debug|x64
		{C33EF011-1B26-417C-BBD2-398C8FA0B4CA}.Debug|x64.Build.0 = Debug|x64
		{C33EF011-1B26-417C-BBD2-398C8FA0B4CA}.Debug|x86.ActiveCfg = Debug|Win32
		{C33EF011-1B26-417C-BBD2-398C8FA0B4CA}.Debug|x86.Build.0 = Debug|Win32
		{C33EF011-1B26-417C-BBD2-398C8FA0B4CA}.Release|x64.ActiveCfg = Release|x64
		{C33EF011-1B26-417C-BBD2-398C8FA0B4CA}.Release|x64.Build.0 = Release|x64
		{C33EF011-1B26-417C-BBD2-398C8FA0B4CA}.Release|x86.ActiveCfg = Release|Win32
		{C33EF011-1B26-417C-BBD2-398C8FA0B4CA}.Release|x86.Build.0 = Release|Win32
		{0BD8CD7F-4CCC-4105-9E36-D7C117E8E03D}.Debug|x64.ActiveCfg = Debug|x64
		{0BD8CD7F-4CCC-4105-9E36-D7C117E8E03D}.Debug|x64.Build.0 = Debug|x64
		{0BD8CD7F-4CCC-4105-9E36-D7C117E8E03D}.Debug|x86.ActiveCfg = Debug|Win32
		{0BD8CD7F-4CCC-4105-9E36-D7C117E8E03D}.Debug|x86.Build.0 = Debug|Win32
		{0BD8CD7F-4CCC-4105-9E36-D7C117E8E03D}.Release|x64.ActiveCfg = Release|x64
		{0BD8CD7F-4CCC-4105-9E36-D7C117E8E03D}.Release|x64.Build.0 = Release|x64
		{0BD8CD7F-4CCC-4105-9E36-D7C117E8E03D}.Release|x86.ActiveCfg = Release|Win32
		{0BD8CD7F-4CCC-4105-9E36-D7C117E8E03D}.Release|x86.Build.0 = Release|Win32
		{01E91356-5515-4950-A0BC-06F797113A19}.Debug|x64.ActiveCfg = Debug|x64
		{01E91356-5515-4950-A0BC-06F797113A19}.Debug|x64.Build.0 = Debug|x64
		{01E91356-5515-4950-A0BC-06F797113A19}.Debug|x86.ActiveCfg = Debug|Win32
		{01E91356-5515-4950-A0BC-06F797113A19}.Debug|x86.Build.0 = Debug|Win32
		{01E91356-5515-4950-A0BC-06F797113A19}.Release|x64.ActiveCfg = Release|x64
		{01E91356-5515-4950-A0BC-06F797113A19}.Release|x64.Build.0 = Release|x64
		{01E91356-5515-4950-A0BC-06F797113A19}.Release|x86.ActiveCfg = Release|Win32
		{01E91356-5515-4950-A0BC-06F797113A19}.Release|x86.Build.0 = Release|Win32
		{46071712-4A8B-42C8-BA20-754FED1336C7}.Debug|x64.ActiveCfg = Debug|x64
		{46071712-4A8B-42C8-BA20-754FED1336C7}.Debug|x64.Build.0 = Debug|x64
		{46071712-4A8B-42C8-BA20-754FED1336C7}.Debug|x86.ActiveCfg = Debug|Win32
		{46071712-4A8B-42C8-BA20-754FED1336C7}.Debug|x86.Build.0 = Debug|Win32
		{46071712-4A8B-42C8-BA20-754FED1336C7}.Release|x64.ActiveCfg = Release|x64
		{46071712-4A8B-42C8-BA20-754FED1336C7}.Release|x64.Build.0 = Release|x64
		{46071712-4A8B-42C8-BA20-754FED1336C7}.Release|x86.ActiveCfg = Release|Win32
		{46071712-4A8B-42C8-BA20-754FED1336C7}.Release|x86.Build.0 = Release|Win32
		{81FCF975-642E-4AA8-ADB8-9BB42214B943}.Debug|x64.ActiveCfg = Debug|x64
		{81FCF975-642E-4AA8-ADB8-9BB42214B943}.Debug|x64.Build.0 = Debug|x64
		{81FCF975-642E-4AA8-ADB8-9BB42214B943}.Debug|x86.ActiveCfg = Debug|Win32
		{81FCF975-642E-4AA8-ADB8-9BB42214B943}.Debug|x86.Build.0 = Debug|Win32
		{81FCF975-642E-4AA8-ADB8-9BB42214B943}.Release|x64.ActiveCfg = Release|x64
		{81FCF975-642E-4AA8-ADB8-9BB42214B943}.Release|x64.Build.0 = Release|x64
		{81FCF975-642E-4AA8-ADB8-9BB42214B943}.Release|x86.ActiveCfg = Release|Win32
		{81FCF975-642E-4AA8-ADB8-9BB42214B943}.Release|x86.Build.0 = Release|Win32
		{54982F1D-FC7B-4D22-A6DB-33EFA9D6EFEA}.Debug|x64.ActiveCfg = Debug|x64
		{54982F1D-FC7B-4D22-A6DB-33EFA9D6EFEA}.Debug|x64.Build.0 = Debug|x64
		{54982F1D-FC7B-4D22-A6DB-33EFA9D6EFEA}.Debug|x86.ActiveCfg = Debug|Win32
		{54982F1D-FC7B-4D22-A6DB-33EFA9D6EFEA}.Debug|x86.Build.0 = Debug|Win32
		{54982F1D-FC7B-4D22-A6DB-33EFA9D6EFEA}.Release|x64.ActiveCfg = Release|x64
		{54982F1D-FC7B-4D22-A6DB-33EFA9D6EFEA}.Release|x64.Build.0 = Release|x64
		{54982F1D-FC7B-4D22-A6DB-33EFA9D6EFEA}.Release|x86.ActiveCfg = Release|Win32
		{54982F1D-FC7B-4D22-A6DB-33EFA9D6EFEA}.Release|x86.Build.0 = Release|Win32
		{B5394D71-FA09-4CAF-8626-D79207D1D8E9}.Debug|x64.ActiveCfg = Debug|x64
		{B5394D71-FA09-4CAF-8626-D79207D1D8E9}.Debug|x64.Build.0 = Debug|x64
		{B5394D71-FA09-4CAF-8626-D79207D1D8E9}.Debug|x86.ActiveCfg = Debug|Win32
		{B5394D71-FA09-4CAF-8626-D79207D1D8E9}.Debug|x86.Build.0 = Debug|Win32
		{B5394D71-FA09-4CAF-8626-D79207D1D8E9}.Release|x64.ActiveCfg = Release|x64
		{B5394D71-FA09-4CAF-8626-D79207D1D8E9}.Release|x64.Build.0 = Release|x64
		{B5394D71-FA09-4CAF-8626-D79207D1D8E9}.Release|x86.ActiveCfg = Release|Win32
		{B5394D71-FA09-4CAF-8626-D79207D1D8E9}.Release|x86.Build.0 = Release|Win32
		{C0A34882-1258-4E0C-A612-FFA431D5EB4E}.Debug|x64.ActiveCfg = Debug|x64
		{C0A34882-1258-4E0C-A612-FFA431D5EB4E}.Debug|x64.Build.0 = Debug|x64
		{C0A34882-1258-4E0C-A612-FFA431D5EB4E}.Debug|x86.ActiveCfg = Debug|Win32
		{C0A34882-1258-4E0C-A612-FFA431D5EB4E}.Debug|x86.Build.0 = Debug|Win32
		{C0A34882-1258-4E0C-A612-FFA431D5EB4E}.Release|x64.ActiveCfg = Release|x64
		{C0A34882-1258-4E0C-A612-FFA431D5EB4E}.Release|x64.Build.0 = Release|x64
		{C0A34882-1258-4E0C-A612-FFA431D5EB4E}.Release|x86.ActiveCfg = Release|Win32
		{C0A34882-1258-4E0C-A612-FFA431D5EB4E}.Release|x86.Build.0 = Release|Win32
		{76839FA8-49C9-43AD-B80F-4C588AA403D1}.Debug|x64.ActiveCfg = Debug|x64
		{76839FA8-49C9-43AD-B80F-4C588AA403D1}.Debug|x64.Build.0 = Debug|x64
		{76839FA8-49C9-43AD-B80F-4C588AA403D1}.Debug|x86.ActiveCfg = Debug|Win32
		{76839FA8-49C9-43AD-B80F-4C588AA403D1}.Debug|x86.Build.0 = Debug|Win32
		{76839FA8-49C9-43AD-B80F-4C588AA403D1}.Release|x64.ActiveCfg = Release|x64
		{76839FA8-49C9-43AD-B80F-4C588AA403D1}.Release|x64.Build.0 = Release|x64
		{76839FA8-49C9-43AD-B80F-4C588AA403D1}.Release|x86.ActiveCfg = Release|Win32
		{76839FA8-49C9-43AD-B80F-4C588AA403D1}.Release|x86.Build.0 = Release|Win32
		{E5CDC371-BECC-46D8-9996-1DAD9837833E}.Debug|x64.ActiveCfg = Debug|x64
		{E5CDC371-BECC-46D8-9996-1DAD9837833E}.Debug|x64.Build.0 = Debug|x64
		{E5CDC371-BECC-46D8-9996-1DAD9837833E}.Debug|x86.ActiveCfg = Debug|Win32
		{E5CDC371-BECC-46D8-9996-1DAD9837833E}.Debug|x86.Build.0 = Debug|Win32
		{E5CDC371-BECC-46D8-9996-1DAD9837833E}.Release|x64.ActiveCfg = Release|x64
		{E5CDC371-BECC-46D8-9996-1DAD9837833E}.Release|x64.Build.0 = Release|x64
		{E5CDC371-BECC-46D8-9996-1DAD9837833E}.Release|x86.ActiveCfg = Release|Win32
		{E5CDC371-BECC-46D8-9996-1DAD9837833E}.Release|x86.Build.0 = Release|Win32
		{C631690C-CEC6-4385-8369-3D0BD28A878A}.Debug|x64.ActiveCfg = Debug|x64
		{C631690C-CEC6-4385-8369-3D0BD28A878A}.Debug|x64.Build.0 = Debug|x64
		{C631690C-CEC6-4385-8369-3D0BD28A878A}.Debug|x86.ActiveCfg = Debug|Win32
		{C631690C-CEC6-4385-8369-3D0BD28A878A}.Debug|x86.Build.0 = Debug|Win32
		{C631690C-CEC6-4385-8369-3D0BD28A878A}.Release|x64.ActiveCfg = Release|x64
		{C631690C-CEC6-4385-8369-3D0BD28A878A}.Release|x64.Build.0 = Release|x64
		{C631690C-CEC6-4385-8369-3D0BD28A878A}.Release|x86.ActiveCfg = Release|Win32
		{C631690C-CEC6-4385-8369-3D0BD28A878A}.Release|x86.Build.0 = Release|Win32
		{A86629CF-E3CE-4155-AE50-8B4BB19A2701}.Debug|x64.ActiveCfg = Debug|x64
		{A86629CF-E3CE-4155-AE50-8B4BB19A2701}.Debug|x64.Build.0 = Debug|x64
		{A86629CF-E3CE-4155-AE50-8B4BB19A2701}.Debug|x86.ActiveCfg = Debug|Win32
		{A86629CF-E3CE-4155-AE50-8B4BB19A2701}.Debug|x86.Build.0 = Debug|Win32
		{A86629CF-E3CE-4155-AE50-8B4BB19A2701}.Release|x64.ActiveCfg = Release|x64
		{A86629CF-E3CE-4155-AE50-8B4BB19A2701}.Release|x64.Build.0 = Release|x64
		{A86629CF-E3CE-4155-AE50-8B4BB19A2701}.Release|x86.ActiveCfg = Release|Win32
		{A86629CF-E3CE-4155-AE50-8B4BB19A2701}.Release|x86.Build.0 = Release|Win32
		{554F6CB8-16B5-4EF9-A0D1-4462F845DBDA}.Debug|x64.ActiveCfg = Debug|x64
		{554F6CB8-16B5-4EF9-A0D1-4462F845DBDA}.Debug|x64.Build.0 = Debug|x64
		{554F6CB8-16B5-4EF9-A0D1-4462F845DBDA}.Debug|x86.ActiveCfg = Debug|Win32
		{554F6CB8-16B5-4EF9-A0D1-4462F845DBDA}.Debug|x86.Build.0 = Debug|Win32
		{554F6CB8-16B5-4EF9-A0D1-4462F845DBDA}.Release|x64.ActiveCfg = Release|x64
		{554F6CB8-16B5-4EF9-A0D1-4462F845DBDA}.Release|x64.Build.0 = Release|x64
		{554F6CB8-16B5-4EF9-A0D1-4462F845DBDA}.Release|x86.ActiveCfg = Release|Win32
		{554F6CB8-16B5-4EF9-A0D1-4462F845DBDA}.Release|x86.Build.0 = Release|Win32
	EndGlobalSection
	GlobalSection(SolutionProperties) = preSolution
		HideSolutionNode = FALSE
	EndGlobalSection
	GlobalSection(ExtensibilityGlobals) = postSolution
		SolutionGuid = {0A0EE79B-A91A-4E0F-9E57-EECB590E7FB6}
	EndGlobalSection
EndGlobal
