
Microsoft Visual Studio Solution File, Format Version 12.00
# Visual Studio Version 17
VisualStudioVersion = 17.6.33829.357
MinimumVisualStudioVersion = 10.0.40219.1
Project("{8BC9CEB8-8B4A-11D0-8D11-00A0C91BC942}") = "Task 1", "homework.vcxproj", "{81B0D924-6FC4-4D88-81F4-0B9750742749}"
EndProject
Project("{8BC9CEB8-8B4A-11D0-8D11-00A0C91BC942}") = "Task 2", "Task 2\Task 2.vcxproj", "{1FEBFC3F-A8ED-486B-B8A5-229DBA2E553B}"
EndProject
Project("{8BC9CEB8-8B4A-11D0-8D11-00A0C91BC942}") = "Task 3", "Task 3\Task 3.vcxproj", "{EAC70A5F-6EF8-47FA-A21E-A3AC27426E2A}"
EndProject
Project("{8BC9CEB8-8B4A-11D0-8D11-00A0C91BC942}") = "Task 4", "Task 4\Task 4.vcxproj", "{3C46FD2B-C262-4DB0-8CAA-358AB0C2F5F1}"
EndProject
Project("{8BC9CEB8-8B4A-11D0-8D11-00A0C91BC942}") = "Task 5", "Task 5\Task 5.vcxproj", "{D5D8EDEC-63A7-4419-BDD5-05D23BD2DE21}"
EndProject
Project("{8BC9CEB8-8B4A-11D0-8D11-00A0C91BC942}") = "Task 6", "Task 6\Task 6.vcxproj", "{44E6B8B5-1D0C-491B-8980-4360CCCE0D45}"
EndProject
Project("{8BC9CEB8-8B4A-11D0-8D11-00A0C91BC942}") = "Task 7", "Task 7\Task 7.vcxproj", "{1A8880A3-3467-4924-802F-BAB3D27D7E92}"
EndProject
Project("{8BC9CEB8-8B4A-11D0-8D11-00A0C91BC942}") = "Task 10", "Task 10\Task 10.vcxproj", "{98FC5312-778C-41D6-96D8-33E6D8739024}"
EndProject
Project("{8BC9CEB8-8B4A-11D0-8D11-00A0C91BC942}") = "Task 8", "Task 8\Task 8.vcxproj", "{CABE6F3A-85CA-4E31-AED1-B4DD51F12B94}"
EndProject
Project("{8BC9CEB8-8B4A-11D0-8D11-00A0C91BC942}") = "Task 9", "Task 9\Task 9.vcxproj", "{7003957B-6CFF-41DE-B27C-6C9AAB59D3B3}"
EndProject
Project("{8BC9CEB8-8B4A-11D0-8D11-00A0C91BC942}") = "Task 11", "Task 11\Task 11.vcxproj", "{311C7306-7684-458F-AA06-AC9F9A8FB6E0}"
EndProject
Project("{8BC9CEB8-8B4A-11D0-8D11-00A0C91BC942}") = "Task 12", "Task 12\Task 12.vcxproj", "{9FB61058-BD85-4E68-AB9B-9F08C9514E65}"
EndProject
Project("{8BC9CEB8-8B4A-11D0-8D11-00A0C91BC942}") = "Task 13", "Task 13\Task 13.vcxproj", "{9B17C6BA-2A8E-45E0-9B2A-230C92503250}"
EndProject
Project("{8BC9CEB8-8B4A-11D0-8D11-00A0C91BC942}") = "Task 14", "Task 14\Task 14.vcxproj", "{B92FD81C-BB50-4992-B12C-0804569BD488}"
EndProject
Global
	GlobalSection(SolutionConfigurationPlatforms) = preSolution
		Debug|x64 = Debug|x64
		Debug|x86 = Debug|x86
		Release|x64 = Release|x64
		Release|x86 = Release|x86
	EndGlobalSection
	GlobalSection(ProjectConfigurationPlatforms) = postSolution
		{81B0D924-6FC4-4D88-81F4-0B9750742749}.Debug|x64.ActiveCfg = Debug|x64
		{81B0D924-6FC4-4D88-81F4-0B9750742749}.Debug|x64.Build.0 = Debug|x64
		{81B0D924-6FC4-4D88-81F4-0B9750742749}.Debug|x86.ActiveCfg = Debug|Win32
		{81B0D924-6FC4-4D88-81F4-0B9750742749}.Debug|x86.Build.0 = Debug|Win32
		{81B0D924-6FC4-4D88-81F4-0B9750742749}.Release|x64.ActiveCfg = Release|x64
		{81B0D924-6FC4-4D88-81F4-0B9750742749}.Release|x64.Build.0 = Release|x64
		{81B0D924-6FC4-4D88-81F4-0B9750742749}.Release|x86.ActiveCfg = Release|Win32
		{81B0D924-6FC4-4D88-81F4-0B9750742749}.Release|x86.Build.0 = Release|Win32
		{1FEBFC3F-A8ED-486B-B8A5-229DBA2E553B}.Debug|x64.ActiveCfg = Debug|x64
		{1FEBFC3F-A8ED-486B-B8A5-229DBA2E553B}.Debug|x64.Build.0 = Debug|x64
		{1FEBFC3F-A8ED-486B-B8A5-229DBA2E553B}.Debug|x86.ActiveCfg = Debug|Win32
		{1FEBFC3F-A8ED-486B-B8A5-229DBA2E553B}.Debug|x86.Build.0 = Debug|Win32
		{1FEBFC3F-A8ED-486B-B8A5-229DBA2E553B}.Release|x64.ActiveCfg = Release|x64
		{1FEBFC3F-A8ED-486B-B8A5-229DBA2E553B}.Release|x64.Build.0 = Release|x64
		{1FEBFC3F-A8ED-486B-B8A5-229DBA2E553B}.Release|x86.ActiveCfg = Release|Win32
		{1FEBFC3F-A8ED-486B-B8A5-229DBA2E553B}.Release|x86.Build.0 = Release|Win32
		{EAC70A5F-6EF8-47FA-A21E-A3AC27426E2A}.Debug|x64.ActiveCfg = Debug|x64
		{EAC70A5F-6EF8-47FA-A21E-A3AC27426E2A}.Debug|x64.Build.0 = Debug|x64
		{EAC70A5F-6EF8-47FA-A21E-A3AC27426E2A}.Debug|x86.ActiveCfg = Debug|Win32
		{EAC70A5F-6EF8-47FA-A21E-A3AC27426E2A}.Debug|x86.Build.0 = Debug|Win32
		{EAC70A5F-6EF8-47FA-A21E-A3AC27426E2A}.Release|x64.ActiveCfg = Release|x64
		{EAC70A5F-6EF8-47FA-A21E-A3AC27426E2A}.Release|x64.Build.0 = Release|x64
		{EAC70A5F-6EF8-47FA-A21E-A3AC27426E2A}.Release|x86.ActiveCfg = Release|Win32
		{EAC70A5F-6EF8-47FA-A21E-A3AC27426E2A}.Release|x86.Build.0 = Release|Win32
		{3C46FD2B-C262-4DB0-8CAA-358AB0C2F5F1}.Debug|x64.ActiveCfg = Debug|x64
		{3C46FD2B-C262-4DB0-8CAA-358AB0C2F5F1}.Debug|x64.Build.0 = Debug|x64
		{3C46FD2B-C262-4DB0-8CAA-358AB0C2F5F1}.Debug|x86.ActiveCfg = Debug|Win32
		{3C46FD2B-C262-4DB0-8CAA-358AB0C2F5F1}.Debug|x86.Build.0 = Debug|Win32
		{3C46FD2B-C262-4DB0-8CAA-358AB0C2F5F1}.Release|x64.ActiveCfg = Release|x64
		{3C46FD2B-C262-4DB0-8CAA-358AB0C2F5F1}.Release|x64.Build.0 = Release|x64
		{3C46FD2B-C262-4DB0-8CAA-358AB0C2F5F1}.Release|x86.ActiveCfg = Release|Win32
		{3C46FD2B-C262-4DB0-8CAA-358AB0C2F5F1}.Release|x86.Build.0 = Release|Win32
		{D5D8EDEC-63A7-4419-BDD5-05D23BD2DE21}.Debug|x64.ActiveCfg = Debug|x64
		{D5D8EDEC-63A7-4419-BDD5-05D23BD2DE21}.Debug|x64.Build.0 = Debug|x64
		{D5D8EDEC-63A7-4419-BDD5-05D23BD2DE21}.Debug|x86.ActiveCfg = Debug|Win32
		{D5D8EDEC-63A7-4419-BDD5-05D23BD2DE21}.Debug|x86.Build.0 = Debug|Win32
		{D5D8EDEC-63A7-4419-BDD5-05D23BD2DE21}.Release|x64.ActiveCfg = Release|x64
		{D5D8EDEC-63A7-4419-BDD5-05D23BD2DE21}.Release|x64.Build.0 = Release|x64
		{D5D8EDEC-63A7-4419-BDD5-05D23BD2DE21}.Release|x86.ActiveCfg = Release|Win32
		{D5D8EDEC-63A7-4419-BDD5-05D23BD2DE21}.Release|x86.Build.0 = Release|Win32
		{44E6B8B5-1D0C-491B-8980-4360CCCE0D45}.Debug|x64.ActiveCfg = Debug|x64
		{44E6B8B5-1D0C-491B-8980-4360CCCE0D45}.Debug|x64.Build.0 = Debug|x64
		{44E6B8B5-1D0C-491B-8980-4360CCCE0D45}.Debug|x86.ActiveCfg = Debug|Win32
		{44E6B8B5-1D0C-491B-8980-4360CCCE0D45}.Debug|x86.Build.0 = Debug|Win32
		{44E6B8B5-1D0C-491B-8980-4360CCCE0D45}.Release|x64.ActiveCfg = Release|x64
		{44E6B8B5-1D0C-491B-8980-4360CCCE0D45}.Release|x64.Build.0 = Release|x64
		{44E6B8B5-1D0C-491B-8980-4360CCCE0D45}.Release|x86.ActiveCfg = Release|Win32
		{44E6B8B5-1D0C-491B-8980-4360CCCE0D45}.Release|x86.Build.0 = Release|Win32
		{1A8880A3-3467-4924-802F-BAB3D27D7E92}.Debug|x64.ActiveCfg = Debug|x64
		{1A8880A3-3467-4924-802F-BAB3D27D7E92}.Debug|x64.Build.0 = Debug|x64
		{1A8880A3-3467-4924-802F-BAB3D27D7E92}.Debug|x86.ActiveCfg = Debug|Win32
		{1A8880A3-3467-4924-802F-BAB3D27D7E92}.Debug|x86.Build.0 = Debug|Win32
		{1A8880A3-3467-4924-802F-BAB3D27D7E92}.Release|x64.ActiveCfg = Release|x64
		{1A8880A3-3467-4924-802F-BAB3D27D7E92}.Release|x64.Build.0 = Release|x64
		{1A8880A3-3467-4924-802F-BAB3D27D7E92}.Release|x86.ActiveCfg = Release|Win32
		{1A8880A3-3467-4924-802F-BAB3D27D7E92}.Release|x86.Build.0 = Release|Win32
		{98FC5312-778C-41D6-96D8-33E6D8739024}.Debug|x64.ActiveCfg = Debug|x64
		{98FC5312-778C-41D6-96D8-33E6D8739024}.Debug|x64.Build.0 = Debug|x64
		{98FC5312-778C-41D6-96D8-33E6D8739024}.Debug|x86.ActiveCfg = Debug|Win32
		{98FC5312-778C-41D6-96D8-33E6D8739024}.Debug|x86.Build.0 = Debug|Win32
		{98FC5312-778C-41D6-96D8-33E6D8739024}.Release|x64.ActiveCfg = Release|x64
		{98FC5312-778C-41D6-96D8-33E6D8739024}.Release|x64.Build.0 = Release|x64
		{98FC5312-778C-41D6-96D8-33E6D8739024}.Release|x86.ActiveCfg = Release|Win32
		{98FC5312-778C-41D6-96D8-33E6D8739024}.Release|x86.Build.0 = Release|Win32
		{CABE6F3A-85CA-4E31-AED1-B4DD51F12B94}.Debug|x64.ActiveCfg = Debug|x64
		{CABE6F3A-85CA-4E31-AED1-B4DD51F12B94}.Debug|x64.Build.0 = Debug|x64
		{CABE6F3A-85CA-4E31-AED1-B4DD51F12B94}.Debug|x86.ActiveCfg = Debug|Win32
		{CABE6F3A-85CA-4E31-AED1-B4DD51F12B94}.Debug|x86.Build.0 = Debug|Win32
		{CABE6F3A-85CA-4E31-AED1-B4DD51F12B94}.Release|x64.ActiveCfg = Release|x64
		{CABE6F3A-85CA-4E31-AED1-B4DD51F12B94}.Release|x64.Build.0 = Release|x64
		{CABE6F3A-85CA-4E31-AED1-B4DD51F12B94}.Release|x86.ActiveCfg = Release|Win32
		{CABE6F3A-85CA-4E31-AED1-B4DD51F12B94}.Release|x86.Build.0 = Release|Win32
		{7003957B-6CFF-41DE-B27C-6C9AAB59D3B3}.Debug|x64.ActiveCfg = Debug|x64
		{7003957B-6CFF-41DE-B27C-6C9AAB59D3B3}.Debug|x64.Build.0 = Debug|x64
		{7003957B-6CFF-41DE-B27C-6C9AAB59D3B3}.Debug|x86.ActiveCfg = Debug|Win32
		{7003957B-6CFF-41DE-B27C-6C9AAB59D3B3}.Debug|x86.Build.0 = Debug|Win32
		{7003957B-6CFF-41DE-B27C-6C9AAB59D3B3}.Release|x64.ActiveCfg = Release|x64
		{7003957B-6CFF-41DE-B27C-6C9AAB59D3B3}.Release|x64.Build.0 = Release|x64
		{7003957B-6CFF-41DE-B27C-6C9AAB59D3B3}.Release|x86.ActiveCfg = Release|Win32
		{7003957B-6CFF-41DE-B27C-6C9AAB59D3B3}.Release|x86.Build.0 = Release|Win32
		{311C7306-7684-458F-AA06-AC9F9A8FB6E0}.Debug|x64.ActiveCfg = Debug|x64
		{311C7306-7684-458F-AA06-AC9F9A8FB6E0}.Debug|x64.Build.0 = Debug|x64
		{311C7306-7684-458F-AA06-AC9F9A8FB6E0}.Debug|x86.ActiveCfg = Debug|Win32
		{311C7306-7684-458F-AA06-AC9F9A8FB6E0}.Debug|x86.Build.0 = Debug|Win32
		{311C7306-7684-458F-AA06-AC9F9A8FB6E0}.Release|x64.ActiveCfg = Release|x64
		{311C7306-7684-458F-AA06-AC9F9A8FB6E0}.Release|x64.Build.0 = Release|x64
		{311C7306-7684-458F-AA06-AC9F9A8FB6E0}.Release|x86.ActiveCfg = Release|Win32
		{311C7306-7684-458F-AA06-AC9F9A8FB6E0}.Release|x86.Build.0 = Release|Win32
		{9FB61058-BD85-4E68-AB9B-9F08C9514E65}.Debug|x64.ActiveCfg = Debug|x64
		{9FB61058-BD85-4E68-AB9B-9F08C9514E65}.Debug|x64.Build.0 = Debug|x64
		{9FB61058-BD85-4E68-AB9B-9F08C9514E65}.Debug|x86.ActiveCfg = Debug|Win32
		{9FB61058-BD85-4E68-AB9B-9F08C9514E65}.Debug|x86.Build.0 = Debug|Win32
		{9FB61058-BD85-4E68-AB9B-9F08C9514E65}.Release|x64.ActiveCfg = Release|x64
		{9FB61058-BD85-4E68-AB9B-9F08C9514E65}.Release|x64.Build.0 = Release|x64
		{9FB61058-BD85-4E68-AB9B-9F08C9514E65}.Release|x86.ActiveCfg = Release|Win32
		{9FB61058-BD85-4E68-AB9B-9F08C9514E65}.Release|x86.Build.0 = Release|Win32
		{9B17C6BA-2A8E-45E0-9B2A-230C92503250}.Debug|x64.ActiveCfg = Debug|x64
		{9B17C6BA-2A8E-45E0-9B2A-230C92503250}.Debug|x64.Build.0 = Debug|x64
		{9B17C6BA-2A8E-45E0-9B2A-230C92503250}.Debug|x86.ActiveCfg = Debug|Win32
		{9B17C6BA-2A8E-45E0-9B2A-230C92503250}.Debug|x86.Build.0 = Debug|Win32
		{9B17C6BA-2A8E-45E0-9B2A-230C92503250}.Release|x64.ActiveCfg = Release|x64
		{9B17C6BA-2A8E-45E0-9B2A-230C92503250}.Release|x64.Build.0 = Release|x64
		{9B17C6BA-2A8E-45E0-9B2A-230C92503250}.Release|x86.ActiveCfg = Release|Win32
		{9B17C6BA-2A8E-45E0-9B2A-230C92503250}.Release|x86.Build.0 = Release|Win32
		{B92FD81C-BB50-4992-B12C-0804569BD488}.Debug|x64.ActiveCfg = Debug|x64
		{B92FD81C-BB50-4992-B12C-0804569BD488}.Debug|x64.Build.0 = Debug|x64
		{B92FD81C-BB50-4992-B12C-0804569BD488}.Debug|x86.ActiveCfg = Debug|Win32
		{B92FD81C-BB50-4992-B12C-0804569BD488}.Debug|x86.Build.0 = Debug|Win32
		{B92FD81C-BB50-4992-B12C-0804569BD488}.Release|x64.ActiveCfg = Release|x64
		{B92FD81C-BB50-4992-B12C-0804569BD488}.Release|x64.Build.0 = Release|x64
		{B92FD81C-BB50-4992-B12C-0804569BD488}.Release|x86.ActiveCfg = Release|Win32
		{B92FD81C-BB50-4992-B12C-0804569BD488}.Release|x86.Build.0 = Release|Win32
	EndGlobalSection
	GlobalSection(SolutionProperties) = preSolution
		HideSolutionNode = FALSE
	EndGlobalSection
	GlobalSection(ExtensibilityGlobals) = postSolution
		SolutionGuid = {0A0EE79B-A91A-4E0F-9E57-EECB590E7FB6}
	EndGlobalSection
EndGlobal
