
Microsoft Visual Studio Solution File, Format Version 12.00
# Visual Studio Version 17
VisualStudioVersion = 17.6.33829.357
MinimumVisualStudioVersion = 10.0.40219.1
Project("{8BC9CEB8-8B4A-11D0-8D11-00A0C91BC942}") = "Task 1", "homework.vcxproj", "{81B0D924-6FC4-4D88-81F4-0B9750742749}"
EndProject
Project("{8BC9CEB8-8B4A-11D0-8D11-00A0C91BC942}") = "Task 2", "Task 2\Task 2.vcxproj", "{45CB8BD7-AB84-4947-A688-5B2E756B181A}"
EndProject
Project("{8BC9CEB8-8B4A-11D0-8D11-00A0C91BC942}") = "Task 3", "Task 3\Task 3.vcxproj", "{A3885E44-CD67-4266-80D5-8596FE469D5D}"
EndProject
Project("{8BC9CEB8-8B4A-11D0-8D11-00A0C91BC942}") = "Task 4", "Task 4\Task 4.vcxproj", "{41B602AB-14C0-4D17-8FE5-AB4D2D6CF4BC}"
EndProject
Project("{8BC9CEB8-8B4A-11D0-8D11-00A0C91BC942}") = "Task 5", "Task 5\Task 5.vcxproj", "{A57C2D0A-67AD-4570-844A-F2AE0BE01281}"
EndProject
Project("{8BC9CEB8-8B4A-11D0-8D11-00A0C91BC942}") = "Task 6", "Task 6\Task 6.vcxproj", "{D908B74B-489E-4ABD-9D64-0C3A9EEB1ADA}"
EndProject
Project("{8BC9CEB8-8B4A-11D0-8D11-00A0C91BC942}") = "Task 8", "Task 8\Task 8.vcxproj", "{8F26A1F4-2DE1-4720-8656-7010A1F0BA7B}"
EndProject
Project("{8BC9CEB8-8B4A-11D0-8D11-00A0C91BC942}") = "Task 9", "Task 9\Task 9.vcxproj", "{88204242-78E1-474F-9E8F-B218E4BE9B2B}"
EndProject
Project("{8BC9CEB8-8B4A-11D0-8D11-00A0C91BC942}") = "Task 10", "Task 10\Task 10.vcxproj", "{7BD16CD9-3F15-485D-A257-49752CB73B57}"
EndProject
Global
	GlobalSection(SolutionConfigurationPlatforms) = preSolution
		Debug|x64 = Debug|x64
		Debug|x86 = Debug|x86
		Release|x64 = Release|x64
		Release|x86 = Release|x86
	EndGlobalSection
	GlobalSection(ProjectConfigurationPlatforms) = postSolution
		{81B0D924-6FC4-4D88-81F4-0B9750742749}.Debug|x64.ActiveCfg = Debug|x64
		{81B0D924-6FC4-4D88-81F4-0B9750742749}.Debug|x64.Build.0 = Debug|x64
		{81B0D924-6FC4-4D88-81F4-0B9750742749}.Debug|x86.ActiveCfg = Debug|Win32
		{81B0D924-6FC4-4D88-81F4-0B9750742749}.Debug|x86.Build.0 = Debug|Win32
		{81B0D924-6FC4-4D88-81F4-0B9750742749}.Release|x64.ActiveCfg = Release|x64
		{81B0D924-6FC4-4D88-81F4-0B9750742749}.Release|x64.Build.0 = Release|x64
		{81B0D924-6FC4-4D88-81F4-0B9750742749}.Release|x86.ActiveCfg = Release|Win32
		{81B0D924-6FC4-4D88-81F4-0B9750742749}.Release|x86.Build.0 = Release|Win32
		{45CB8BD7-AB84-4947-A688-5B2E756B181A}.Debug|x64.ActiveCfg = Debug|x64
		{45CB8BD7-AB84-4947-A688-5B2E756B181A}.Debug|x64.Build.0 = Debug|x64
		{45CB8BD7-AB84-4947-A688-5B2E756B181A}.Debug|x86.ActiveCfg = Debug|Win32
		{45CB8BD7-AB84-4947-A688-5B2E756B181A}.Debug|x86.Build.0 = Debug|Win32
		{45CB8BD7-AB84-4947-A688-5B2E756B181A}.Release|x64.ActiveCfg = Release|x64
		{45CB8BD7-AB84-4947-A688-5B2E756B181A}.Release|x64.Build.0 = Release|x64
		{45CB8BD7-AB84-4947-A688-5B2E756B181A}.Release|x86.ActiveCfg = Release|Win32
		{45CB8BD7-AB84-4947-A688-5B2E756B181A}.Release|x86.Build.0 = Release|Win32
		{A3885E44-CD67-4266-80D5-8596FE469D5D}.Debug|x64.ActiveCfg = Debug|x64
		{A3885E44-CD67-4266-80D5-8596FE469D5D}.Debug|x64.Build.0 = Debug|x64
		{A3885E44-CD67-4266-80D5-8596FE469D5D}.Debug|x86.ActiveCfg = Debug|Win32
		{A3885E44-CD67-4266-80D5-8596FE469D5D}.Debug|x86.Build.0 = Debug|Win32
		{A3885E44-CD67-4266-80D5-8596FE469D5D}.Release|x64.ActiveCfg = Release|x64
		{A3885E44-CD67-4266-80D5-8596FE469D5D}.Release|x64.Build.0 = Release|x64
		{A3885E44-CD67-4266-80D5-8596FE469D5D}.Release|x86.ActiveCfg = Release|Win32
		{A3885E44-CD67-4266-80D5-8596FE469D5D}.Release|x86.Build.0 = Release|Win32
		{41B602AB-14C0-4D17-8FE5-AB4D2D6CF4BC}.Debug|x64.ActiveCfg = Debug|x64
		{41B602AB-14C0-4D17-8FE5-AB4D2D6CF4BC}.Debug|x64.Build.0 = Debug|x64
		{41B602AB-14C0-4D17-8FE5-AB4D2D6CF4BC}.Debug|x86.ActiveCfg = Debug|Win32
		{41B602AB-14C0-4D17-8FE5-AB4D2D6CF4BC}.Debug|x86.Build.0 = Debug|Win32
		{41B602AB-14C0-4D17-8FE5-AB4D2D6CF4BC}.Release|x64.ActiveCfg = Release|x64
		{41B602AB-14C0-4D17-8FE5-AB4D2D6CF4BC}.Release|x64.Build.0 = Release|x64
		{41B602AB-14C0-4D17-8FE5-AB4D2D6CF4BC}.Release|x86.ActiveCfg = Release|Win32
		{41B602AB-14C0-4D17-8FE5-AB4D2D6CF4BC}.Release|x86.Build.0 = Release|Win32
		{A57C2D0A-67AD-4570-844A-F2AE0BE01281}.Debug|x64.ActiveCfg = Debug|x64
		{A57C2D0A-67AD-4570-844A-F2AE0BE01281}.Debug|x64.Build.0 = Debug|x64
		{A57C2D0A-67AD-4570-844A-F2AE0BE01281}.Debug|x86.ActiveCfg = Debug|Win32
		{A57C2D0A-67AD-4570-844A-F2AE0BE01281}.Debug|x86.Build.0 = Debug|Win32
		{A57C2D0A-67AD-4570-844A-F2AE0BE01281}.Release|x64.ActiveCfg = Release|x64
		{A57C2D0A-67AD-4570-844A-F2AE0BE01281}.Release|x64.Build.0 = Release|x64
		{A57C2D0A-67AD-4570-844A-F2AE0BE01281}.Release|x86.ActiveCfg = Release|Win32
		{A57C2D0A-67AD-4570-844A-F2AE0BE01281}.Release|x86.Build.0 = Release|Win32
		{D908B74B-489E-4ABD-9D64-0C3A9EEB1ADA}.Debug|x64.ActiveCfg = Debug|x64
		{D908B74B-489E-4ABD-9D64-0C3A9EEB1ADA}.Debug|x64.Build.0 = Debug|x64
		{D908B74B-489E-4ABD-9D64-0C3A9EEB1ADA}.Debug|x86.ActiveCfg = Debug|Win32
		{D908B74B-489E-4ABD-9D64-0C3A9EEB1ADA}.Debug|x86.Build.0 = Debug|Win32
		{D908B74B-489E-4ABD-9D64-0C3A9EEB1ADA}.Release|x64.ActiveCfg = Release|x64
		{D908B74B-489E-4ABD-9D64-0C3A9EEB1ADA}.Release|x64.Build.0 = Release|x64
		{D908B74B-489E-4ABD-9D64-0C3A9EEB1ADA}.Release|x86.ActiveCfg = Release|Win32
		{D908B74B-489E-4ABD-9D64-0C3A9EEB1ADA}.Release|x86.Build.0 = Release|Win32
		{8F26A1F4-2DE1-4720-8656-7010A1F0BA7B}.Debug|x64.ActiveCfg = Debug|x64
		{8F26A1F4-2DE1-4720-8656-7010A1F0BA7B}.Debug|x64.Build.0 = Debug|x64
		{8F26A1F4-2DE1-4720-8656-7010A1F0BA7B}.Debug|x86.ActiveCfg = Debug|Win32
		{8F26A1F4-2DE1-4720-8656-7010A1F0BA7B}.Debug|x86.Build.0 = Debug|Win32
		{8F26A1F4-2DE1-4720-8656-7010A1F0BA7B}.Release|x64.ActiveCfg = Release|x64
		{8F26A1F4-2DE1-4720-8656-7010A1F0BA7B}.Release|x64.Build.0 = Release|x64
		{8F26A1F4-2DE1-4720-8656-7010A1F0BA7B}.Release|x86.ActiveCfg = Release|Win32
		{8F26A1F4-2DE1-4720-8656-7010A1F0BA7B}.Release|x86.Build.0 = Release|Win32
		{88204242-78E1-474F-9E8F-B218E4BE9B2B}.Debug|x64.ActiveCfg = Debug|x64
		{88204242-78E1-474F-9E8F-B218E4BE9B2B}.Debug|x64.Build.0 = Debug|x64
		{88204242-78E1-474F-9E8F-B218E4BE9B2B}.Debug|x86.ActiveCfg = Debug|Win32
		{88204242-78E1-474F-9E8F-B218E4BE9B2B}.Debug|x86.Build.0 = Debug|Win32
		{88204242-78E1-474F-9E8F-B218E4BE9B2B}.Release|x64.ActiveCfg = Release|x64
		{88204242-78E1-474F-9E8F-B218E4BE9B2B}.Release|x64.Build.0 = Release|x64
		{88204242-78E1-474F-9E8F-B218E4BE9B2B}.Release|x86.ActiveCfg = Release|Win32
		{88204242-78E1-474F-9E8F-B218E4BE9B2B}.Release|x86.Build.0 = Release|Win32
		{7BD16CD9-3F15-485D-A257-49752CB73B57}.Debug|x64.ActiveCfg = Debug|x64
		{7BD16CD9-3F15-485D-A257-49752CB73B57}.Debug|x64.Build.0 = Debug|x64
		{7BD16CD9-3F15-485D-A257-49752CB73B57}.Debug|x86.ActiveCfg = Debug|Win32
		{7BD16CD9-3F15-485D-A257-49752CB73B57}.Debug|x86.Build.0 = Debug|Win32
		{7BD16CD9-3F15-485D-A257-49752CB73B57}.Release|x64.ActiveCfg = Release|x64
		{7BD16CD9-3F15-485D-A257-49752CB73B57}.Release|x64.Build.0 = Release|x64
		{7BD16CD9-3F15-485D-A257-49752CB73B57}.Release|x86.ActiveCfg = Release|Win32
		{7BD16CD9-3F15-485D-A257-49752CB73B57}.Release|x86.Build.0 = Release|Win32
	EndGlobalSection
	GlobalSection(SolutionProperties) = preSolution
		HideSolutionNode = FALSE
	EndGlobalSection
	GlobalSection(ExtensibilityGlobals) = postSolution
		SolutionGuid = {0A0EE79B-A91A-4E0F-9E57-EECB590E7FB6}
	EndGlobalSection
EndGlobal
